// !$*UTF8*$!
{
	archiveVersion = 1;
	classes = {
	};
	objectVersion = 77;
	objects = {

/* Begin PBXBuildFile section */
		05C414A6E67371CC16AD626E /* StatsView.swift in Sources */ = {isa = PBXBuildFile; fileRef = 86211328BA48374524567260 /* StatsView.swift */; };
		06342CBA77E60A0B503C6F3D /* Theme.swift in Sources */ = {isa = PBXBuildFile; fileRef = 4484A09B32DF794F9E4F1295 /* Theme.swift */; };
		08854BE8D2998A3E0EBAF9D6 /* LiveActivityController.swift in Sources */ = {isa = PBXBuildFile; fileRef = D0B2CF537F4F3182417EBB8A /* LiveActivityController.swift */; };
		0A3B5F34115D2476FCC64010 /* GroupEditorSheet.swift in Sources */ = {isa = PBXBuildFile; fileRef = 5C0D725297D3FE5FA2D9DBDA /* GroupEditorSheet.swift */; };
		0B31318F95AE26A4D0C359E5 /* AppModel.swift in Sources */ = {isa = PBXBuildFile; fileRef = 6B32683C346A8E237873FEB4 /* AppModel.swift */; };
		1126F9DB203AE49BAF10B5B8 /* SettingsView.swift in Sources */ = {isa = PBXBuildFile; fileRef = FFF4C03E9FD00987AF2CDC50 /* SettingsView.swift */; };
		129E630C250CB0C29AFE0B53 /* RootView.swift in Sources */ = {isa = PBXBuildFile; fileRef = 69F628C6E944BA1344E7D6DD /* RootView.swift */; };
		15EE3CC342ABD361C44480EA /* TrackifyKit in Frameworks */ = {isa = PBXBuildFile; productRef = 57278ECC6C09B3B7147B37AF /* TrackifyKit */; };
		19CC3B2A0EBAF41E06A622DD /* LiveActivityAttributes.swift in Sources */ = {isa = PBXBuildFile; fileRef = 9967DD74CAED935A7779561D /* LiveActivityAttributes.swift */; };
		24719A6551EEEAE64A3E4BFA /* Stubs.swift in Sources */ = {isa = PBXBuildFile; fileRef = 91CCDBA97DEB712CA8F381D0 /* Stubs.swift */; };
		2E549A014F672491C4AE060F /* SettingsView.swift in Sources */ = {isa = PBXBuildFile; fileRef = FFF4C03E9FD00987AF2CDC50 /* SettingsView.swift */; };
		2EBC11F3AB2BC7FC6C127619 /* TimerSheets.swift in Sources */ = {isa = PBXBuildFile; fileRef = 47597AC1B81C73F379412EA2 /* TimerSheets.swift */; };
		2F38C6E7E8316C4A896AEDF1 /* StatsView.swift in Sources */ = {isa = PBXBuildFile; fileRef = 86211328BA48374524567260 /* StatsView.swift */; };
		2F64852782B03380DCD3E8A4 /* Assets.xcassets in Resources */ = {isa = PBXBuildFile; fileRef = 596312E9862EA1E8163AD965 /* Assets.xcassets */; };
		30A0F89E4CF30514AE17BC43 /* Components.swift in Sources */ = {isa = PBXBuildFile; fileRef = CF517C3CFD78FE3E53EEFA2C /* Components.swift */; };
		3505B06DBF0C7A4F6EE84BD8 /* HomeView.swift in Sources */ = {isa = PBXBuildFile; fileRef = B57F32A85D9A205D5A82FEB1 /* HomeView.swift */; };
		37A39430D994642B4D763C82 /* TrackifyWidgets.appex in Embed Foundation Extensions */ = {isa = PBXBuildFile; fileRef = 86D2ADE540A57DCE7EAE1730 /* TrackifyWidgets.appex */; settings = {ATTRIBUTES = (CodeSignOnCopy, RemoveHeadersOnCopy, ); }; };
		386142FAA19F7C373298D97D /* LiveActivityAttributes.swift in Sources */ = {isa = PBXBuildFile; fileRef = 9967DD74CAED935A7779561D /* LiveActivityAttributes.swift */; };
		3943401EC7FEB33EF47B12A4 /* Theme.swift in Sources */ = {isa = PBXBuildFile; fileRef = 4484A09B32DF794F9E4F1295 /* Theme.swift */; };
		4089D4801DAFE4E36B98C836 /* WidgetKit.framework in Frameworks */ = {isa = PBXBuildFile; fileRef = 22797FA861B872512FE3FB2B /* WidgetKit.framework */; };
		416435D009A283418D886BA0 /* SwiftUI.framework in Frameworks */ = {isa = PBXBuildFile; fileRef = B55E024593F54F7CB556FB16 /* SwiftUI.framework */; };
		43E8B912156A2C2BABF21CD9 /* SessionSlider.swift in Sources */ = {isa = PBXBuildFile; fileRef = 516216E5BC416F6F7E0C725D /* SessionSlider.swift */; };
		4BBB582B2B746A9DE4151819 /* StatusItemController.swift in Sources */ = {isa = PBXBuildFile; fileRef = A5B6BF9AECFD881C074D051C /* StatusItemController.swift */; };
		4D4939651A0D9FDAE5438C53 /* AppModel.swift in Sources */ = {isa = PBXBuildFile; fileRef = 6B32683C346A8E237873FEB4 /* AppModel.swift */; };
		4D782362542E963092271B06 /* Theme.swift in Sources */ = {isa = PBXBuildFile; fileRef = 4484A09B32DF794F9E4F1295 /* Theme.swift */; };
		4E7168E667771EAB62A67B33 /* LeaderboardCard.swift in Sources */ = {isa = PBXBuildFile; fileRef = CC101F609590F416D75ED17E /* LeaderboardCard.swift */; };
		542C9041D906C864A151C49A /* TrackifyKit in Frameworks */ = {isa = PBXBuildFile; productRef = 9A600FE6DE8D411E2048620A /* TrackifyKit */; };
		57020A50A6EBEB39D571E208 /* AuthViews.swift in Sources */ = {isa = PBXBuildFile; fileRef = A187C2681230764CB4CB34ED /* AuthViews.swift */; };
		58B7D167A2F40DE0EA16307D /* LiveActivityAndControl.swift in Sources */ = {isa = PBXBuildFile; fileRef = 6EC0896EC077C1C731A99E70 /* LiveActivityAndControl.swift */; };
		5B7B1A76C7B7C66B9D3E9FA6 /* Reminder.swift in Sources */ = {isa = PBXBuildFile; fileRef = 3ED93246DD3CCA6D37F6C3F0 /* Reminder.swift */; };
		5CCA56391ACC48587E4BDF5F /* HeatViews.swift in Sources */ = {isa = PBXBuildFile; fileRef = 9E867DB2EC95A24AD2ABC2CD /* HeatViews.swift */; };
		5CD388467C5F1B0CF689CC87 /* RootView.swift in Sources */ = {isa = PBXBuildFile; fileRef = 69F628C6E944BA1344E7D6DD /* RootView.swift */; };
		5D7CF15BB5DB70158DFCFDDF /* MainTabView.swift in Sources */ = {isa = PBXBuildFile; fileRef = 054D3E3F72B09FD7C46C7279 /* MainTabView.swift */; };
		5FD56E4B3C79B74A049076CC /* SwiftUI.framework in Frameworks */ = {isa = PBXBuildFile; fileRef = B55E024593F54F7CB556FB16 /* SwiftUI.framework */; };
		686A26DA70FB3997E8D9D259 /* Shortcuts.swift in Sources */ = {isa = PBXBuildFile; fileRef = 285C8D93AE48FAF0F727773E /* Shortcuts.swift */; };
		70128411B6031C8C2C9B6AE7 /* TrackifyMacApp.swift in Sources */ = {isa = PBXBuildFile; fileRef = B77EF644DD87BE7E975A5BD3 /* TrackifyMacApp.swift */; };
		70DA2C582139178C3C056FCB /* DeepLink.swift in Sources */ = {isa = PBXBuildFile; fileRef = A8E850D11BC9F43D62DA2D69 /* DeepLink.swift */; };
		7530005CE8BF66672A005059 /* WidgetKit.framework in Frameworks */ = {isa = PBXBuildFile; fileRef = 22797FA861B872512FE3FB2B /* WidgetKit.framework */; };
		7B234AE73D477308EF93391B /* LeaderboardCard.swift in Sources */ = {isa = PBXBuildFile; fileRef = CC101F609590F416D75ED17E /* LeaderboardCard.swift */; };
		806107D544A37520F22D3CDD /* LiveActivityAttributes.swift in Sources */ = {isa = PBXBuildFile; fileRef = 9967DD74CAED935A7779561D /* LiveActivityAttributes.swift */; };
		8ECB08E79857D15553370FC5 /* TimerIntents.swift in Sources */ = {isa = PBXBuildFile; fileRef = 2DEBF7B4816D82B9A35A8CD7 /* TimerIntents.swift */; };
		9038CCBC63FE766797F7A16D /* Stubs.swift in Sources */ = {isa = PBXBuildFile; fileRef = 91CCDBA97DEB712CA8F381D0 /* Stubs.swift */; };
		9427E20920E30D078ADC0F64 /* TrackifyWidgets.swift in Sources */ = {isa = PBXBuildFile; fileRef = 055F04C0B7277CE71AA94E76 /* TrackifyWidgets.swift */; };
		97872503F34ACA59A7C4B709 /* TimerIntents.swift in Sources */ = {isa = PBXBuildFile; fileRef = 2DEBF7B4816D82B9A35A8CD7 /* TimerIntents.swift */; };
		9E665E971B788E9F5803F316 /* TrackifyUITests.swift in Sources */ = {isa = PBXBuildFile; fileRef = 1539D88D9BA5B06A9BF60438 /* TrackifyUITests.swift */; };
		9F95D7F967ED580BDFCB4FFA /* Components.swift in Sources */ = {isa = PBXBuildFile; fileRef = CF517C3CFD78FE3E53EEFA2C /* Components.swift */; };
		A1BE1A989F290ABA472415C3 /* MenuPanelView.swift in Sources */ = {isa = PBXBuildFile; fileRef = 81A4D3236B61057AE10A6537 /* MenuPanelView.swift */; };
		A2EAC9236618893A0F882059 /* GroupEditorSheet.swift in Sources */ = {isa = PBXBuildFile; fileRef = 5C0D725297D3FE5FA2D9DBDA /* GroupEditorSheet.swift */; };
		A8FF335C2EDAAE247E15D846 /* TaskDetailView.swift in Sources */ = {isa = PBXBuildFile; fileRef = A56284ED8953B84E2CCD4003 /* TaskDetailView.swift */; };
		AA3B621A9DB9AC0014964E0B /* TimerIntents.swift in Sources */ = {isa = PBXBuildFile; fileRef = 2DEBF7B4816D82B9A35A8CD7 /* TimerIntents.swift */; };
		B4DFD64F2BA6DFAE753EE3E5 /* Components.swift in Sources */ = {isa = PBXBuildFile; fileRef = CF517C3CFD78FE3E53EEFA2C /* Components.swift */; };
		B4E8397EE4622E016DB77CFB /* TimerIntents.swift in Sources */ = {isa = PBXBuildFile; fileRef = 2DEBF7B4816D82B9A35A8CD7 /* TimerIntents.swift */; };
		B66B350F0552280198AA36F9 /* TaskDetailView.swift in Sources */ = {isa = PBXBuildFile; fileRef = A56284ED8953B84E2CCD4003 /* TaskDetailView.swift */; };
		BD140C597F145EB3A041EF6B /* TrackifyMacWidgets.appex in Embed Foundation Extensions */ = {isa = PBXBuildFile; fileRef = 08DF490AC1EA19B7960DDCA2 /* TrackifyMacWidgets.appex */; settings = {ATTRIBUTES = (CodeSignOnCopy, RemoveHeadersOnCopy, ); }; };
		BDC3C06718B5A7B80BCCF04A /* Theme.swift in Sources */ = {isa = PBXBuildFile; fileRef = 4484A09B32DF794F9E4F1295 /* Theme.swift */; };
		C0D7541E7122F0B2BB04B5C9 /* TrackifyWidgets.swift in Sources */ = {isa = PBXBuildFile; fileRef = 055F04C0B7277CE71AA94E76 /* TrackifyWidgets.swift */; };
		C64FF16454070FDCD8FDB3C8 /* GlobalHotKey.swift in Sources */ = {isa = PBXBuildFile; fileRef = 2EC23DE92AC9F163A75E77B9 /* GlobalHotKey.swift */; };
		C684D07E611CC74C790149CB /* Assets.xcassets in Resources */ = {isa = PBXBuildFile; fileRef = 548D12DA8E60955DCEE78712 /* Assets.xcassets */; };
		C8AB97B9285E7F6B994E1BD9 /* AuthViews.swift in Sources */ = {isa = PBXBuildFile; fileRef = A187C2681230764CB4CB34ED /* AuthViews.swift */; };
		CE398C07D69378460F214647 /* LiveActivityAttributes.swift in Sources */ = {isa = PBXBuildFile; fileRef = 9967DD74CAED935A7779561D /* LiveActivityAttributes.swift */; };
		D39F9ED317926254547206BC /* DeepLink.swift in Sources */ = {isa = PBXBuildFile; fileRef = A8E850D11BC9F43D62DA2D69 /* DeepLink.swift */; };
		D4A0AAB4363156D1E603F0FF /* Shortcuts.swift in Sources */ = {isa = PBXBuildFile; fileRef = 285C8D93AE48FAF0F727773E /* Shortcuts.swift */; };
		D7BBAB724C213485D3589515 /* Components.swift in Sources */ = {isa = PBXBuildFile; fileRef = CF517C3CFD78FE3E53EEFA2C /* Components.swift */; };
		D9D4D57F8BC7E1976ABD3ACB /* LiveActivityAndControl.swift in Sources */ = {isa = PBXBuildFile; fileRef = 6EC0896EC077C1C731A99E70 /* LiveActivityAndControl.swift */; };
		DC6B9DED21D68B4C894D62BE /* TrackifyKit in Frameworks */ = {isa = PBXBuildFile; productRef = 1BFED707E86CF539894FB6DB /* TrackifyKit */; };
		E225263AB6B56876D06260B0 /* Reminder.swift in Sources */ = {isa = PBXBuildFile; fileRef = 3ED93246DD3CCA6D37F6C3F0 /* Reminder.swift */; };
		E2EDC9C6148C203BC141031D /* TrackifyKit in Frameworks */ = {isa = PBXBuildFile; productRef = C02DC519EDC51487402B23C7 /* TrackifyKit */; };
		E81FA1F3064406F6C61DC8FB /* TimerSheets.swift in Sources */ = {isa = PBXBuildFile; fileRef = 47597AC1B81C73F379412EA2 /* TimerSheets.swift */; };
		E898EFF4E00091FCD8C062A1 /* SessionSlider.swift in Sources */ = {isa = PBXBuildFile; fileRef = 516216E5BC416F6F7E0C725D /* SessionSlider.swift */; };
		ECAF3B148F05B9B5CD9FC4AB /* TrackifyApp.swift in Sources */ = {isa = PBXBuildFile; fileRef = CA46E1310B6C0963019BC2EB /* TrackifyApp.swift */; };
		EFFFBD87B76994766E6EE472 /* HomeView.swift in Sources */ = {isa = PBXBuildFile; fileRef = B57F32A85D9A205D5A82FEB1 /* HomeView.swift */; };
		F149D16B257968D7017043CB /* DashboardWindow.swift in Sources */ = {isa = PBXBuildFile; fileRef = 346DB28AAEA7CBAF7E6DDBBA /* DashboardWindow.swift */; };
		FDF287F9EC008EE126C3E3D8 /* HeatViews.swift in Sources */ = {isa = PBXBuildFile; fileRef = 9E867DB2EC95A24AD2ABC2CD /* HeatViews.swift */; };
/* End PBXBuildFile section */

/* Begin PBXContainerItemProxy section */
		421DC837A985E1CAFFAE1732 /* PBXContainerItemProxy */ = {
			isa = PBXContainerItemProxy;
			containerPortal = D219069D5CA7B1C9D8EB19C8 /* Project object */;
			proxyType = 1;
			remoteGlobalIDString = 683B2AF15DDDF0D6C8F773C0;
			remoteInfo = Trackify;
		};
		506643A62E411364B037BBBC /* PBXContainerItemProxy */ = {
			isa = PBXContainerItemProxy;
			containerPortal = D219069D5CA7B1C9D8EB19C8 /* Project object */;
			proxyType = 1;
			remoteGlobalIDString = 286822D94E2E7CF6E5B5A05B;
			remoteInfo = TrackifyWidgets;
		};
		F1564DFB3EDB874775ED98A2 /* PBXContainerItemProxy */ = {
			isa = PBXContainerItemProxy;
			containerPortal = D219069D5CA7B1C9D8EB19C8 /* Project object */;
			proxyType = 1;
			remoteGlobalIDString = D2D878A072CCD3A3F83CE105;
			remoteInfo = TrackifyMacWidgets;
		};
/* End PBXContainerItemProxy section */

/* Begin PBXCopyFilesBuildPhase section */
		3A15CBD167FED4C6EF658C47 /* Embed Foundation Extensions */ = {
			isa = PBXCopyFilesBuildPhase;
			buildActionMask = 2147483647;
			dstPath = "";
			dstSubfolderSpec = 13;
			files = (
				BD140C597F145EB3A041EF6B /* TrackifyMacWidgets.appex in Embed Foundation Extensions */,
			);
			name = "Embed Foundation Extensions";
			runOnlyForDeploymentPostprocessing = 0;
		};
		5509330D24FD03265FE7D4B4 /* Embed Foundation Extensions */ = {
			isa = PBXCopyFilesBuildPhase;
			buildActionMask = 2147483647;
			dstPath = "";
			dstSubfolderSpec = 13;
			files = (
				37A39430D994642B4D763C82 /* TrackifyWidgets.appex in Embed Foundation Extensions */,
			);
			name = "Embed Foundation Extensions";
			runOnlyForDeploymentPostprocessing = 0;
		};
/* End PBXCopyFilesBuildPhase section */

/* Begin PBXFileReference section */
		054D3E3F72B09FD7C46C7279 /* MainTabView.swift */ = {isa = PBXFileReference; lastKnownFileType = sourcecode.swift; path = MainTabView.swift; sourceTree = "<group>"; };
		055F04C0B7277CE71AA94E76 /* TrackifyWidgets.swift */ = {isa = PBXFileReference; lastKnownFileType = sourcecode.swift; path = TrackifyWidgets.swift; sourceTree = "<group>"; };
		08DF490AC1EA19B7960DDCA2 /* TrackifyMacWidgets.appex */ = {isa = PBXFileReference; explicitFileType = "wrapper.app-extension"; includeInIndex = 0; path = TrackifyMacWidgets.appex; sourceTree = BUILT_PRODUCTS_DIR; };
		1539D88D9BA5B06A9BF60438 /* TrackifyUITests.swift */ = {isa = PBXFileReference; lastKnownFileType = sourcecode.swift; path = TrackifyUITests.swift; sourceTree = "<group>"; };
		22797FA861B872512FE3FB2B /* WidgetKit.framework */ = {isa = PBXFileReference; lastKnownFileType = wrapper.framework; name = WidgetKit.framework; path = System/Library/Frameworks/WidgetKit.framework; sourceTree = SDKROOT; };
		285C8D93AE48FAF0F727773E /* Shortcuts.swift */ = {isa = PBXFileReference; lastKnownFileType = sourcecode.swift; path = Shortcuts.swift; sourceTree = "<group>"; };
		2DEBF7B4816D82B9A35A8CD7 /* TimerIntents.swift */ = {isa = PBXFileReference; lastKnownFileType = sourcecode.swift; path = TimerIntents.swift; sourceTree = "<group>"; };
		2EC23DE92AC9F163A75E77B9 /* GlobalHotKey.swift */ = {isa = PBXFileReference; lastKnownFileType = sourcecode.swift; path = GlobalHotKey.swift; sourceTree = "<group>"; };
		346DB28AAEA7CBAF7E6DDBBA /* DashboardWindow.swift */ = {isa = PBXFileReference; lastKnownFileType = sourcecode.swift; path = DashboardWindow.swift; sourceTree = "<group>"; };
		3ED93246DD3CCA6D37F6C3F0 /* Reminder.swift */ = {isa = PBXFileReference; lastKnownFileType = sourcecode.swift; path = Reminder.swift; sourceTree = "<group>"; };
		4484A09B32DF794F9E4F1295 /* Theme.swift */ = {isa = PBXFileReference; lastKnownFileType = sourcecode.swift; path = Theme.swift; sourceTree = "<group>"; };
		47597AC1B81C73F379412EA2 /* TimerSheets.swift */ = {isa = PBXFileReference; lastKnownFileType = sourcecode.swift; path = TimerSheets.swift; sourceTree = "<group>"; };
		4ED729CBB863CB4661EFD25D /* Trackify.app */ = {isa = PBXFileReference; includeInIndex = 0; lastKnownFileType = wrapper.application; path = Trackify.app; sourceTree = BUILT_PRODUCTS_DIR; };
		516216E5BC416F6F7E0C725D /* SessionSlider.swift */ = {isa = PBXFileReference; lastKnownFileType = sourcecode.swift; path = SessionSlider.swift; sourceTree = "<group>"; };
		548D12DA8E60955DCEE78712 /* Assets.xcassets */ = {isa = PBXFileReference; lastKnownFileType = folder.assetcatalog; path = Assets.xcassets; sourceTree = "<group>"; };
		596312E9862EA1E8163AD965 /* Assets.xcassets */ = {isa = PBXFileReference; lastKnownFileType = folder.assetcatalog; path = Assets.xcassets; sourceTree = "<group>"; };
		5C0D725297D3FE5FA2D9DBDA /* GroupEditorSheet.swift */ = {isa = PBXFileReference; lastKnownFileType = sourcecode.swift; path = GroupEditorSheet.swift; sourceTree = "<group>"; };
		69F628C6E944BA1344E7D6DD /* RootView.swift */ = {isa = PBXFileReference; lastKnownFileType = sourcecode.swift; path = RootView.swift; sourceTree = "<group>"; };
		6B32683C346A8E237873FEB4 /* AppModel.swift */ = {isa = PBXFileReference; lastKnownFileType = sourcecode.swift; path = AppModel.swift; sourceTree = "<group>"; };
		6EC0896EC077C1C731A99E70 /* LiveActivityAndControl.swift */ = {isa = PBXFileReference; lastKnownFileType = sourcecode.swift; path = LiveActivityAndControl.swift; sourceTree = "<group>"; };
		7102C6D8550B95B3BD5DF990 /* TrackifyKit */ = {isa = PBXFileReference; lastKnownFileType = folder; name = TrackifyKit; path = Packages/TrackifyKit; sourceTree = SOURCE_ROOT; };
		81A4D3236B61057AE10A6537 /* MenuPanelView.swift */ = {isa = PBXFileReference; lastKnownFileType = sourcecode.swift; path = MenuPanelView.swift; sourceTree = "<group>"; };
		86211328BA48374524567260 /* StatsView.swift */ = {isa = PBXFileReference; lastKnownFileType = sourcecode.swift; path = StatsView.swift; sourceTree = "<group>"; };
		86D2ADE540A57DCE7EAE1730 /* TrackifyWidgets.appex */ = {isa = PBXFileReference; includeInIndex = 0; lastKnownFileType = "wrapper.app-extension"; path = TrackifyWidgets.appex; sourceTree = BUILT_PRODUCTS_DIR; };
		87ACE3335403EF42CDE13540 /* TrackifyUITests.xctest */ = {isa = PBXFileReference; includeInIndex = 0; lastKnownFileType = wrapper.cfbundle; path = TrackifyUITests.xctest; sourceTree = BUILT_PRODUCTS_DIR; };
		91CCDBA97DEB712CA8F381D0 /* Stubs.swift */ = {isa = PBXFileReference; lastKnownFileType = sourcecode.swift; path = Stubs.swift; sourceTree = "<group>"; };
		9967DD74CAED935A7779561D /* LiveActivityAttributes.swift */ = {isa = PBXFileReference; lastKnownFileType = sourcecode.swift; path = LiveActivityAttributes.swift; sourceTree = "<group>"; };
		9E867DB2EC95A24AD2ABC2CD /* HeatViews.swift */ = {isa = PBXFileReference; lastKnownFileType = sourcecode.swift; path = HeatViews.swift; sourceTree = "<group>"; };
		A187C2681230764CB4CB34ED /* AuthViews.swift */ = {isa = PBXFileReference; lastKnownFileType = sourcecode.swift; path = AuthViews.swift; sourceTree = "<group>"; };
		A56284ED8953B84E2CCD4003 /* TaskDetailView.swift */ = {isa = PBXFileReference; lastKnownFileType = sourcecode.swift; path = TaskDetailView.swift; sourceTree = "<group>"; };
		A5B6BF9AECFD881C074D051C /* StatusItemController.swift */ = {isa = PBXFileReference; lastKnownFileType = sourcecode.swift; path = StatusItemController.swift; sourceTree = "<group>"; };
		A8E850D11BC9F43D62DA2D69 /* DeepLink.swift */ = {isa = PBXFileReference; lastKnownFileType = sourcecode.swift; path = DeepLink.swift; sourceTree = "<group>"; };
		AB50E50F1F8262561BE4A2DB /* Base.xcconfig */ = {isa = PBXFileReference; lastKnownFileType = text.xcconfig; path = Base.xcconfig; sourceTree = "<group>"; };
		B55E024593F54F7CB556FB16 /* SwiftUI.framework */ = {isa = PBXFileReference; lastKnownFileType = wrapper.framework; name = SwiftUI.framework; path = System/Library/Frameworks/SwiftUI.framework; sourceTree = SDKROOT; };
		B57F32A85D9A205D5A82FEB1 /* HomeView.swift */ = {isa = PBXFileReference; lastKnownFileType = sourcecode.swift; path = HomeView.swift; sourceTree = "<group>"; };
		B77EF644DD87BE7E975A5BD3 /* TrackifyMacApp.swift */ = {isa = PBXFileReference; lastKnownFileType = sourcecode.swift; path = TrackifyMacApp.swift; sourceTree = "<group>"; };
		CA46E1310B6C0963019BC2EB /* TrackifyApp.swift */ = {isa = PBXFileReference; lastKnownFileType = sourcecode.swift; path = TrackifyApp.swift; sourceTree = "<group>"; };
		CC101F609590F416D75ED17E /* LeaderboardCard.swift */ = {isa = PBXFileReference; lastKnownFileType = sourcecode.swift; path = LeaderboardCard.swift; sourceTree = "<group>"; };
		CF517C3CFD78FE3E53EEFA2C /* Components.swift */ = {isa = PBXFileReference; lastKnownFileType = sourcecode.swift; path = Components.swift; sourceTree = "<group>"; };
		D0B2CF537F4F3182417EBB8A /* LiveActivityController.swift */ = {isa = PBXFileReference; lastKnownFileType = sourcecode.swift; path = LiveActivityController.swift; sourceTree = "<group>"; };
		D1A049BB979270ECC09A9D27 /* TrackifyMac.app */ = {isa = PBXFileReference; explicitFileType = wrapper.application; includeInIndex = 0; path = TrackifyMac.app; sourceTree = BUILT_PRODUCTS_DIR; };
		FFF4C03E9FD00987AF2CDC50 /* SettingsView.swift */ = {isa = PBXFileReference; lastKnownFileType = sourcecode.swift; path = SettingsView.swift; sourceTree = "<group>"; };
/* End PBXFileReference section */

/* Begin PBXFrameworksBuildPhase section */
		571D2F07C269A04E40609A2D /* Frameworks */ = {
			isa = PBXFrameworksBuildPhase;
			buildActionMask = 2147483647;
			files = (
				DC6B9DED21D68B4C894D62BE /* TrackifyKit in Frameworks */,
				4089D4801DAFE4E36B98C836 /* WidgetKit.framework in Frameworks */,
				416435D009A283418D886BA0 /* SwiftUI.framework in Frameworks */,
			);
			runOnlyForDeploymentPostprocessing = 0;
		};
		6A83E38A5A6D9148D231ACCF /* Frameworks */ = {
			isa = PBXFrameworksBuildPhase;
			buildActionMask = 2147483647;
			files = (
				15EE3CC342ABD361C44480EA /* TrackifyKit in Frameworks */,
			);
			runOnlyForDeploymentPostprocessing = 0;
		};
		E9E23655938FC35558EFF997 /* Frameworks */ = {
			isa = PBXFrameworksBuildPhase;
			buildActionMask = 2147483647;
			files = (
				E2EDC9C6148C203BC141031D /* TrackifyKit in Frameworks */,
			);
			runOnlyForDeploymentPostprocessing = 0;
		};
		ECA0F1446BD7FEB44D3FEB07 /* Frameworks */ = {
			isa = PBXFrameworksBuildPhase;
			buildActionMask = 2147483647;
			files = (
				542C9041D906C864A151C49A /* TrackifyKit in Frameworks */,
				7530005CE8BF66672A005059 /* WidgetKit.framework in Frameworks */,
				5FD56E4B3C79B74A049076CC /* SwiftUI.framework in Frameworks */,
			);
			runOnlyForDeploymentPostprocessing = 0;
		};
/* End PBXFrameworksBuildPhase section */

/* Begin PBXGroup section */
		00A76F09C5CC560E6B59F215 /* Charts */ = {
			isa = PBXGroup;
			children = (
				9E867DB2EC95A24AD2ABC2CD /* HeatViews.swift */,
			);
			path = Charts;
			sourceTree = "<group>";
		};
		0393C071CE79CCBE2723F1AE /* Team */ = {
			isa = PBXGroup;
			children = (
				CC101F609590F416D75ED17E /* LeaderboardCard.swift */,
			);
			path = Team;
			sourceTree = "<group>";
		};
		048DE8570D9637B66A9539BA /* Auth */ = {
			isa = PBXGroup;
			children = (
				A187C2681230764CB4CB34ED /* AuthViews.swift */,
			);
			path = Auth;
			sourceTree = "<group>";
		};
		0D097177FF21FE902A21DB2B /* Intents */ = {
			isa = PBXGroup;
			children = (
				9967DD74CAED935A7779561D /* LiveActivityAttributes.swift */,
				2DEBF7B4816D82B9A35A8CD7 /* TimerIntents.swift */,
			);
			path = Intents;
			sourceTree = "<group>";
		};
		23A0755F457718A596F5062E /* Widgets */ = {
			isa = PBXGroup;
			children = (
				6EC0896EC077C1C731A99E70 /* LiveActivityAndControl.swift */,
				055F04C0B7277CE71AA94E76 /* TrackifyWidgets.swift */,
			);
			path = Widgets;
			sourceTree = "<group>";
		};
		3B5773318F7DD0D6604683DC /* Timer */ = {
			isa = PBXGroup;
			children = (
				516216E5BC416F6F7E0C725D /* SessionSlider.swift */,
				47597AC1B81C73F379412EA2 /* TimerSheets.swift */,
			);
			path = Timer;
			sourceTree = "<group>";
		};
		53E80A6EFDF75A0E26DDB590 /* macOS */ = {
			isa = PBXGroup;
			children = (
				548D12DA8E60955DCEE78712 /* Assets.xcassets */,
				346DB28AAEA7CBAF7E6DDBBA /* DashboardWindow.swift */,
				2EC23DE92AC9F163A75E77B9 /* GlobalHotKey.swift */,
				81A4D3236B61057AE10A6537 /* MenuPanelView.swift */,
				A5B6BF9AECFD881C074D051C /* StatusItemController.swift */,
				B77EF644DD87BE7E975A5BD3 /* TrackifyMacApp.swift */,
			);
			path = macOS;
			sourceTree = "<group>";
		};
		5F844C43BD02E2E39E80E9FF = {
			isa = PBXGroup;
			children = (
				B861D12CA2315D48EB33B46F /* Config */,
				0D097177FF21FE902A21DB2B /* Intents */,
				D0B3DD917C442AA739913231 /* iOS */,
				53E80A6EFDF75A0E26DDB590 /* macOS */,
				F94F2B04532E15BDE4413EB9 /* Packages */,
				F81B8CA2B03DFD4B034F65D4 /* Shared */,
				77E7F34BB500F66D4926860E /* UITests */,
				23A0755F457718A596F5062E /* Widgets */,
				E34D8A4BECA757186126D307 /* Frameworks */,
				D0218E1F8C0A057A9E0470E1 /* Products */,
			);
			sourceTree = "<group>";
		};
		67ACA9CDC1E0AEB125ACAD64 /* Stats */ = {
			isa = PBXGroup;
			children = (
				5C0D725297D3FE5FA2D9DBDA /* GroupEditorSheet.swift */,
				86211328BA48374524567260 /* StatsView.swift */,
			);
			path = Stats;
			sourceTree = "<group>";
		};
		6AA4D028ED3BC8E2E0F5818E /* App */ = {
			isa = PBXGroup;
			children = (
				A8E850D11BC9F43D62DA2D69 /* DeepLink.swift */,
				3ED93246DD3CCA6D37F6C3F0 /* Reminder.swift */,
				69F628C6E944BA1344E7D6DD /* RootView.swift */,
				285C8D93AE48FAF0F727773E /* Shortcuts.swift */,
				91CCDBA97DEB712CA8F381D0 /* Stubs.swift */,
			);
			path = App;
			sourceTree = "<group>";
		};
		77E7F34BB500F66D4926860E /* UITests */ = {
			isa = PBXGroup;
			children = (
				1539D88D9BA5B06A9BF60438 /* TrackifyUITests.swift */,
			);
			path = UITests;
			sourceTree = "<group>";
		};
		97D2976318161D0AA7B81C4E /* Design */ = {
			isa = PBXGroup;
			children = (
				CF517C3CFD78FE3E53EEFA2C /* Components.swift */,
				4484A09B32DF794F9E4F1295 /* Theme.swift */,
			);
			path = Design;
			sourceTree = "<group>";
		};
		9A289E88751B2291190B9173 /* Tasks */ = {
			isa = PBXGroup;
			children = (
				A56284ED8953B84E2CCD4003 /* TaskDetailView.swift */,
			);
			path = Tasks;
			sourceTree = "<group>";
		};
		9A6116415DDCFE75F7298121 /* Features */ = {
			isa = PBXGroup;
			children = (
				048DE8570D9637B66A9539BA /* Auth */,
				00A76F09C5CC560E6B59F215 /* Charts */,
				C01F8C6831FBD6C61021DA35 /* Home */,
				BA6C03F363D803263D197E2C /* Settings */,
				67ACA9CDC1E0AEB125ACAD64 /* Stats */,
				9A289E88751B2291190B9173 /* Tasks */,
				0393C071CE79CCBE2723F1AE /* Team */,
				3B5773318F7DD0D6604683DC /* Timer */,
			);
			path = Features;
			sourceTree = "<group>";
		};
		B861D12CA2315D48EB33B46F /* Config */ = {
			isa = PBXGroup;
			children = (
				AB50E50F1F8262561BE4A2DB /* Base.xcconfig */,
			);
			path = Config;
			sourceTree = "<group>";
		};
		BA6C03F363D803263D197E2C /* Settings */ = {
			isa = PBXGroup;
			children = (
				FFF4C03E9FD00987AF2CDC50 /* SettingsView.swift */,
			);
			path = Settings;
			sourceTree = "<group>";
		};
		C01F8C6831FBD6C61021DA35 /* Home */ = {
			isa = PBXGroup;
			children = (
				B57F32A85D9A205D5A82FEB1 /* HomeView.swift */,
			);
			path = Home;
			sourceTree = "<group>";
		};
		CF6C52209E189CF4D35EADCD /* Model */ = {
			isa = PBXGroup;
			children = (
				6B32683C346A8E237873FEB4 /* AppModel.swift */,
			);
			path = Model;
			sourceTree = "<group>";
		};
		D0218E1F8C0A057A9E0470E1 /* Products */ = {
			isa = PBXGroup;
			children = (
				4ED729CBB863CB4661EFD25D /* Trackify.app */,
				D1A049BB979270ECC09A9D27 /* TrackifyMac.app */,
				08DF490AC1EA19B7960DDCA2 /* TrackifyMacWidgets.appex */,
				87ACE3335403EF42CDE13540 /* TrackifyUITests.xctest */,
				86D2ADE540A57DCE7EAE1730 /* TrackifyWidgets.appex */,
			);
			name = Products;
			sourceTree = "<group>";
		};
		D0B3DD917C442AA739913231 /* iOS */ = {
			isa = PBXGroup;
			children = (
				596312E9862EA1E8163AD965 /* Assets.xcassets */,
				D0B2CF537F4F3182417EBB8A /* LiveActivityController.swift */,
				054D3E3F72B09FD7C46C7279 /* MainTabView.swift */,
				CA46E1310B6C0963019BC2EB /* TrackifyApp.swift */,
			);
			path = iOS;
			sourceTree = "<group>";
		};
		E34D8A4BECA757186126D307 /* Frameworks */ = {
			isa = PBXGroup;
			children = (
				B55E024593F54F7CB556FB16 /* SwiftUI.framework */,
				22797FA861B872512FE3FB2B /* WidgetKit.framework */,
			);
			name = Frameworks;
			sourceTree = "<group>";
		};
		F81B8CA2B03DFD4B034F65D4 /* Shared */ = {
			isa = PBXGroup;
			children = (
				6AA4D028ED3BC8E2E0F5818E /* App */,
				97D2976318161D0AA7B81C4E /* Design */,
				9A6116415DDCFE75F7298121 /* Features */,
				CF6C52209E189CF4D35EADCD /* Model */,
			);
			path = Shared;
			sourceTree = "<group>";
		};
		F94F2B04532E15BDE4413EB9 /* Packages */ = {
			isa = PBXGroup;
			children = (
				7102C6D8550B95B3BD5DF990 /* TrackifyKit */,
			);
			path = Packages;
			sourceTree = "<group>";
		};
/* End PBXGroup section */

/* Begin PBXNativeTarget section */
		22C6B16F72D6379C5AB57A50 /* TrackifyMac */ = {
			isa = PBXNativeTarget;
			buildConfigurationList = 062AA779899E7BAEBA8539A8 /* Build configuration list for PBXNativeTarget "TrackifyMac" */;
			buildPhases = (
				F730803B1EB12D588ABF29B7 /* Sources */,
				CA1340F3A70C31C3DE0EBD71 /* Resources */,
				E9E23655938FC35558EFF997 /* Frameworks */,
				3A15CBD167FED4C6EF658C47 /* Embed Foundation Extensions */,
			);
			buildRules = (
			);
			dependencies = (
				FD67B4A69D5B618165C9EE92 /* PBXTargetDependency */,
			);
			name = TrackifyMac;
			packageProductDependencies = (
				C02DC519EDC51487402B23C7 /* TrackifyKit */,
			);
			productName = TrackifyMac;
			productReference = D1A049BB979270ECC09A9D27 /* TrackifyMac.app */;
			productType = "com.apple.product-type.application";
		};
		286822D94E2E7CF6E5B5A05B /* TrackifyWidgets */ = {
			isa = PBXNativeTarget;
			buildConfigurationList = AA365239F01CC2F382C69A8E /* Build configuration list for PBXNativeTarget "TrackifyWidgets" */;
			buildPhases = (
				D035670F34977A62C34C3FA0 /* Sources */,
				ECA0F1446BD7FEB44D3FEB07 /* Frameworks */,
			);
			buildRules = (
			);
			dependencies = (
			);
			name = TrackifyWidgets;
			packageProductDependencies = (
				9A600FE6DE8D411E2048620A /* TrackifyKit */,
			);
			productName = TrackifyWidgets;
			productReference = 86D2ADE540A57DCE7EAE1730 /* TrackifyWidgets.appex */;
			productType = "com.apple.product-type.app-extension";
		};
		5CC7E0E9F6C514C87A6A42DC /* TrackifyUITests */ = {
			isa = PBXNativeTarget;
			buildConfigurationList = 27AAE449A27FEC7B05C58881 /* Build configuration list for PBXNativeTarget "TrackifyUITests" */;
			buildPhases = (
				910496DBAA14720140B34F0A /* Sources */,
			);
			buildRules = (
			);
			dependencies = (
				AA2215E75DF69A6114DD8DD8 /* PBXTargetDependency */,
			);
			name = TrackifyUITests;
			packageProductDependencies = (
			);
			productName = TrackifyUITests;
			productReference = 87ACE3335403EF42CDE13540 /* TrackifyUITests.xctest */;
			productType = "com.apple.product-type.bundle.ui-testing";
		};
		683B2AF15DDDF0D6C8F773C0 /* Trackify */ = {
			isa = PBXNativeTarget;
			buildConfigurationList = 39AA5516708DE70E41468D01 /* Build configuration list for PBXNativeTarget "Trackify" */;
			buildPhases = (
				B890B62D4D3262C12E712479 /* Sources */,
				707BAE107D9445F49935D77E /* Resources */,
				6A83E38A5A6D9148D231ACCF /* Frameworks */,
				5509330D24FD03265FE7D4B4 /* Embed Foundation Extensions */,
			);
			buildRules = (
			);
			dependencies = (
				25664983300F7F754A3AD6E0 /* PBXTargetDependency */,
			);
			name = Trackify;
			packageProductDependencies = (
				57278ECC6C09B3B7147B37AF /* TrackifyKit */,
			);
			productName = Trackify;
			productReference = 4ED729CBB863CB4661EFD25D /* Trackify.app */;
			productType = "com.apple.product-type.application";
		};
		D2D878A072CCD3A3F83CE105 /* TrackifyMacWidgets */ = {
			isa = PBXNativeTarget;
			buildConfigurationList = 58FC1576B744CC202326153F /* Build configuration list for PBXNativeTarget "TrackifyMacWidgets" */;
			buildPhases = (
				2D484727C7110717393548A9 /* Sources */,
				571D2F07C269A04E40609A2D /* Frameworks */,
			);
			buildRules = (
			);
			dependencies = (
			);
			name = TrackifyMacWidgets;
			packageProductDependencies = (
				1BFED707E86CF539894FB6DB /* TrackifyKit */,
			);
			productName = TrackifyMacWidgets;
			productReference = 08DF490AC1EA19B7960DDCA2 /* TrackifyMacWidgets.appex */;
			productType = "com.apple.product-type.app-extension";
		};
/* End PBXNativeTarget section */

/* Begin PBXProject section */
		D219069D5CA7B1C9D8EB19C8 /* Project object */ = {
			isa = PBXProject;
			attributes = {
				BuildIndependentTargetsInParallel = YES;
				LastUpgradeCheck = 1600;
				TargetAttributes = {
					22C6B16F72D6379C5AB57A50 = {
						DevelopmentTeam = "";
						ProvisioningStyle = Automatic;
					};
					286822D94E2E7CF6E5B5A05B = {
						DevelopmentTeam = "";
						ProvisioningStyle = Automatic;
					};
					5CC7E0E9F6C514C87A6A42DC = {
						DevelopmentTeam = "";
						ProvisioningStyle = Automatic;
						TestTargetID = 683B2AF15DDDF0D6C8F773C0;
					};
					683B2AF15DDDF0D6C8F773C0 = {
						DevelopmentTeam = "";
						ProvisioningStyle = Automatic;
					};
					D2D878A072CCD3A3F83CE105 = {
						DevelopmentTeam = "";
						ProvisioningStyle = Automatic;
					};
				};
			};
			buildConfigurationList = 6725204BEA9720F95058794A /* Build configuration list for PBXProject "Trackify" */;
			developmentRegion = en;
			hasScannedForEncodings = 0;
			knownRegions = (
				Base,
				en,
			);
			mainGroup = 5F844C43BD02E2E39E80E9FF;
			minimizedProjectReferenceProxies = 1;
			packageReferences = (
				6874DD3F96E38463087E8AD7 /* XCLocalSwiftPackageReference "Packages/TrackifyKit" */,
			);
			preferredProjectObjectVersion = 77;
			productRefGroup = D0218E1F8C0A057A9E0470E1 /* Products */;
			projectDirPath = "";
			projectRoot = "";
			targets = (
				683B2AF15DDDF0D6C8F773C0 /* Trackify */,
				286822D94E2E7CF6E5B5A05B /* TrackifyWidgets */,
				22C6B16F72D6379C5AB57A50 /* TrackifyMac */,
				D2D878A072CCD3A3F83CE105 /* TrackifyMacWidgets */,
				5CC7E0E9F6C514C87A6A42DC /* TrackifyUITests */,
			);
		};
/* End PBXProject section */

/* Begin PBXResourcesBuildPhase section */
		707BAE107D9445F49935D77E /* Resources */ = {
			isa = PBXResourcesBuildPhase;
			buildActionMask = 2147483647;
			files = (
				2F64852782B03380DCD3E8A4 /* Assets.xcassets in Resources */,
			);
			runOnlyForDeploymentPostprocessing = 0;
		};
		CA1340F3A70C31C3DE0EBD71 /* Resources */ = {
			isa = PBXResourcesBuildPhase;
			buildActionMask = 2147483647;
			files = (
				C684D07E611CC74C790149CB /* Assets.xcassets in Resources */,
			);
			runOnlyForDeploymentPostprocessing = 0;
		};
/* End PBXResourcesBuildPhase section */

/* Begin PBXSourcesBuildPhase section */
		2D484727C7110717393548A9 /* Sources */ = {
			isa = PBXSourcesBuildPhase;
			buildActionMask = 2147483647;
			files = (
				D7BBAB724C213485D3589515 /* Components.swift in Sources */,
				D9D4D57F8BC7E1976ABD3ACB /* LiveActivityAndControl.swift in Sources */,
				386142FAA19F7C373298D97D /* LiveActivityAttributes.swift in Sources */,
				3943401EC7FEB33EF47B12A4 /* Theme.swift in Sources */,
				B4E8397EE4622E016DB77CFB /* TimerIntents.swift in Sources */,
				C0D7541E7122F0B2BB04B5C9 /* TrackifyWidgets.swift in Sources */,
			);
			runOnlyForDeploymentPostprocessing = 0;
		};
		910496DBAA14720140B34F0A /* Sources */ = {
			isa = PBXSourcesBuildPhase;
			buildActionMask = 2147483647;
			files = (
				9E665E971B788E9F5803F316 /* TrackifyUITests.swift in Sources */,
			);
			runOnlyForDeploymentPostprocessing = 0;
		};
		B890B62D4D3262C12E712479 /* Sources */ = {
			isa = PBXSourcesBuildPhase;
			buildActionMask = 2147483647;
			files = (
				4D4939651A0D9FDAE5438C53 /* AppModel.swift in Sources */,
				C8AB97B9285E7F6B994E1BD9 /* AuthViews.swift in Sources */,
				B4DFD64F2BA6DFAE753EE3E5 /* Components.swift in Sources */,
				D39F9ED317926254547206BC /* DeepLink.swift in Sources */,
				0A3B5F34115D2476FCC64010 /* GroupEditorSheet.swift in Sources */,
				FDF287F9EC008EE126C3E3D8 /* HeatViews.swift in Sources */,
				EFFFBD87B76994766E6EE472 /* HomeView.swift in Sources */,
				7B234AE73D477308EF93391B /* LeaderboardCard.swift in Sources */,
				19CC3B2A0EBAF41E06A622DD /* LiveActivityAttributes.swift in Sources */,
				08854BE8D2998A3E0EBAF9D6 /* LiveActivityController.swift in Sources */,
				5D7CF15BB5DB70158DFCFDDF /* MainTabView.swift in Sources */,
				5B7B1A76C7B7C66B9D3E9FA6 /* Reminder.swift in Sources */,
				129E630C250CB0C29AFE0B53 /* RootView.swift in Sources */,
				43E8B912156A2C2BABF21CD9 /* SessionSlider.swift in Sources */,
				2E549A014F672491C4AE060F /* SettingsView.swift in Sources */,
				686A26DA70FB3997E8D9D259 /* Shortcuts.swift in Sources */,
				2F38C6E7E8316C4A896AEDF1 /* StatsView.swift in Sources */,
				9038CCBC63FE766797F7A16D /* Stubs.swift in Sources */,
				B66B350F0552280198AA36F9 /* TaskDetailView.swift in Sources */,
				06342CBA77E60A0B503C6F3D /* Theme.swift in Sources */,
				8ECB08E79857D15553370FC5 /* TimerIntents.swift in Sources */,
				E81FA1F3064406F6C61DC8FB /* TimerSheets.swift in Sources */,
				ECAF3B148F05B9B5CD9FC4AB /* TrackifyApp.swift in Sources */,
			);
			runOnlyForDeploymentPostprocessing = 0;
		};
		D035670F34977A62C34C3FA0 /* Sources */ = {
			isa = PBXSourcesBuildPhase;
			buildActionMask = 2147483647;
			files = (
				30A0F89E4CF30514AE17BC43 /* Components.swift in Sources */,
				58B7D167A2F40DE0EA16307D /* LiveActivityAndControl.swift in Sources */,
				806107D544A37520F22D3CDD /* LiveActivityAttributes.swift in Sources */,
				BDC3C06718B5A7B80BCCF04A /* Theme.swift in Sources */,
				AA3B621A9DB9AC0014964E0B /* TimerIntents.swift in Sources */,
				9427E20920E30D078ADC0F64 /* TrackifyWidgets.swift in Sources */,
			);
			runOnlyForDeploymentPostprocessing = 0;
		};
		F730803B1EB12D588ABF29B7 /* Sources */ = {
			isa = PBXSourcesBuildPhase;
			buildActionMask = 2147483647;
			files = (
				0B31318F95AE26A4D0C359E5 /* AppModel.swift in Sources */,
				57020A50A6EBEB39D571E208 /* AuthViews.swift in Sources */,
				9F95D7F967ED580BDFCB4FFA /* Components.swift in Sources */,
				F149D16B257968D7017043CB /* DashboardWindow.swift in Sources */,
				70DA2C582139178C3C056FCB /* DeepLink.swift in Sources */,
				C64FF16454070FDCD8FDB3C8 /* GlobalHotKey.swift in Sources */,
				A2EAC9236618893A0F882059 /* GroupEditorSheet.swift in Sources */,
				5CCA56391ACC48587E4BDF5F /* HeatViews.swift in Sources */,
				3505B06DBF0C7A4F6EE84BD8 /* HomeView.swift in Sources */,
				4E7168E667771EAB62A67B33 /* LeaderboardCard.swift in Sources */,
				CE398C07D69378460F214647 /* LiveActivityAttributes.swift in Sources */,
				A1BE1A989F290ABA472415C3 /* MenuPanelView.swift in Sources */,
				E225263AB6B56876D06260B0 /* Reminder.swift in Sources */,
				5CD388467C5F1B0CF689CC87 /* RootView.swift in Sources */,
				E898EFF4E00091FCD8C062A1 /* SessionSlider.swift in Sources */,
				1126F9DB203AE49BAF10B5B8 /* SettingsView.swift in Sources */,
				D4A0AAB4363156D1E603F0FF /* Shortcuts.swift in Sources */,
				05C414A6E67371CC16AD626E /* StatsView.swift in Sources */,
				4BBB582B2B746A9DE4151819 /* StatusItemController.swift in Sources */,
				24719A6551EEEAE64A3E4BFA /* Stubs.swift in Sources */,
				A8FF335C2EDAAE247E15D846 /* TaskDetailView.swift in Sources */,
				4D782362542E963092271B06 /* Theme.swift in Sources */,
				97872503F34ACA59A7C4B709 /* TimerIntents.swift in Sources */,
				2EBC11F3AB2BC7FC6C127619 /* TimerSheets.swift in Sources */,
				70128411B6031C8C2C9B6AE7 /* TrackifyMacApp.swift in Sources */,
			);
			runOnlyForDeploymentPostprocessing = 0;
		};
/* End PBXSourcesBuildPhase section */

/* Begin PBXTargetDependency section */
		25664983300F7F754A3AD6E0 /* PBXTargetDependency */ = {
			isa = PBXTargetDependency;
			target = 286822D94E2E7CF6E5B5A05B /* TrackifyWidgets */;
			targetProxy = 506643A62E411364B037BBBC /* PBXContainerItemProxy */;
		};
		AA2215E75DF69A6114DD8DD8 /* PBXTargetDependency */ = {
			isa = PBXTargetDependency;
			target = 683B2AF15DDDF0D6C8F773C0 /* Trackify */;
			targetProxy = 421DC837A985E1CAFFAE1732 /* PBXContainerItemProxy */;
		};
		FD67B4A69D5B618165C9EE92 /* PBXTargetDependency */ = {
			isa = PBXTargetDependency;
			target = D2D878A072CCD3A3F83CE105 /* TrackifyMacWidgets */;
			targetProxy = F1564DFB3EDB874775ED98A2 /* PBXContainerItemProxy */;
		};
/* End PBXTargetDependency section */

/* Begin XCBuildConfiguration section */
		11D8BBAF7A1921E01865E106 /* Debug */ = {
			isa = XCBuildConfiguration;
			buildSettings = {
				ASSETCATALOG_COMPILER_APPICON_NAME = AppIcon;
				CODE_SIGN_ENTITLEMENTS = iOS/Trackify.entitlements;
				CODE_SIGN_IDENTITY = "iPhone Developer";
				INFOPLIST_FILE = iOS/Info.plist;
				INFOPLIST_KEY_UILaunchScreen_Generation = YES;
				LD_RUNPATH_SEARCH_PATHS = (
					"$(inherited)",
					"@executable_path/Frameworks",
				);
				PRODUCT_BUNDLE_IDENTIFIER = "$(TRACKIFY_BUNDLE_ID)";
				PRODUCT_NAME = Trackify;
				SDKROOT = iphoneos;
				SUPPORTS_MACCATALYST = NO;
				SUPPORTS_MAC_DESIGNED_FOR_IPHONE_IPAD = NO;
				TARGETED_DEVICE_FAMILY = "1,2";
			};
			name = Debug;
		};
		3F7DD8D803C8A14FC94EDC58 /* Release */ = {
			isa = XCBuildConfiguration;
			buildSettings = {
				ASSETCATALOG_COMPILER_APPICON_NAME = AppIcon;
				CODE_SIGN_ENTITLEMENTS = iOS/Trackify.entitlements;
				CODE_SIGN_IDENTITY = "iPhone Developer";
				INFOPLIST_FILE = iOS/Info.plist;
				INFOPLIST_KEY_UILaunchScreen_Generation = YES;
				LD_RUNPATH_SEARCH_PATHS = (
					"$(inherited)",
					"@executable_path/Frameworks",
				);
				PRODUCT_BUNDLE_IDENTIFIER = "$(TRACKIFY_BUNDLE_ID)";
				PRODUCT_NAME = Trackify;
				SDKROOT = iphoneos;
				SUPPORTS_MACCATALYST = NO;
				SUPPORTS_MAC_DESIGNED_FOR_IPHONE_IPAD = NO;
				TARGETED_DEVICE_FAMILY = "1,2";
			};
			name = Release;
		};
		42E5B4792F74CF60BB3D8899 /* Release */ = {
			isa = XCBuildConfiguration;
			buildSettings = {
				APPLICATION_EXTENSION_API_ONLY = YES;
				CODE_SIGN_ENTITLEMENTS = Widgets/TrackifyWidgets.entitlements;
				INFOPLIST_FILE = "Widgets/Info-iOS.plist";
				LD_RUNPATH_SEARCH_PATHS = (
					"$(inherited)",
					"@executable_path/Frameworks",
					"@executable_path/../../Frameworks",
				);
				PRODUCT_BUNDLE_IDENTIFIER = "$(TRACKIFY_BUNDLE_ID).widgets";
				PRODUCT_NAME = TrackifyWidgets;
				SDKROOT = iphoneos;
				SKIP_INSTALL = YES;
				TARGETED_DEVICE_FAMILY = "1,2";
			};
			name = Release;
		};
		56548AA90F5B1B7D2E7A0C0A /* Debug */ = {
			isa = XCBuildConfiguration;
			buildSettings = {
				BUNDLE_LOADER = "$(TEST_HOST)";
				GENERATE_INFOPLIST_FILE = YES;
				LD_RUNPATH_SEARCH_PATHS = (
					"$(inherited)",
					"@executable_path/Frameworks",
					"@loader_path/Frameworks",
				);
				PRODUCT_BUNDLE_IDENTIFIER = "$(TRACKIFY_BUNDLE_ID).uitests";
				SDKROOT = iphoneos;
				TARGETED_DEVICE_FAMILY = "1,2";
				TEST_TARGET_NAME = Trackify;
			};
			name = Debug;
		};
		6780978E000EF67BF128399C /* Release */ = {
			isa = XCBuildConfiguration;
			buildSettings = {
				APPLICATION_EXTENSION_API_ONLY = YES;
				CODE_SIGN_ENTITLEMENTS = Widgets/TrackifyMacWidgets.entitlements;
				COMBINE_HIDPI_IMAGES = YES;
				ENABLE_HARDENED_RUNTIME = YES;
				INFOPLIST_FILE = "Widgets/Info-macOS.plist";
				LD_RUNPATH_SEARCH_PATHS = (
					"$(inherited)",
					"@executable_path/../Frameworks",
					"@executable_path/../../../../Frameworks",
				);
				PRODUCT_BUNDLE_IDENTIFIER = "$(TRACKIFY_BUNDLE_ID).mac.widgets";
				PRODUCT_NAME = TrackifyMacWidgets;
				SDKROOT = macosx;
				SKIP_INSTALL = YES;
				TEAM_ID_PREFIX = "";
			};
			name = Release;
		};
		6F3260A9A81DCA634CD97FC1 /* Release */ = {
			isa = XCBuildConfiguration;
			buildSettings = {
				ASSETCATALOG_COMPILER_APPICON_NAME = AppIcon;
				CODE_SIGN_ENTITLEMENTS = macOS/TrackifyMac.entitlements;
				COMBINE_HIDPI_IMAGES = YES;
				ENABLE_HARDENED_RUNTIME = YES;
				INFOPLIST_FILE = macOS/Info.plist;
				LD_RUNPATH_SEARCH_PATHS = (
					"$(inherited)",
					"@executable_path/../Frameworks",
				);
				PRODUCT_BUNDLE_IDENTIFIER = "$(TRACKIFY_BUNDLE_ID).mac";
				PRODUCT_NAME = Trackify;
				SDKROOT = macosx;
				TEAM_ID_PREFIX = "";
			};
			name = Release;
		};
		7FD06B341F39C7A0A9E6D55E /* Release */ = {
			isa = XCBuildConfiguration;
			buildSettings = {
				BUNDLE_LOADER = "$(TEST_HOST)";
				GENERATE_INFOPLIST_FILE = YES;
				LD_RUNPATH_SEARCH_PATHS = (
					"$(inherited)",
					"@executable_path/Frameworks",
					"@loader_path/Frameworks",
				);
				PRODUCT_BUNDLE_IDENTIFIER = "$(TRACKIFY_BUNDLE_ID).uitests";
				SDKROOT = iphoneos;
				TARGETED_DEVICE_FAMILY = "1,2";
				TEST_TARGET_NAME = Trackify;
			};
			name = Release;
		};
		94515C0771B7CEAE6C06F1DA /* Debug */ = {
			isa = XCBuildConfiguration;
			buildSettings = {
				ASSETCATALOG_COMPILER_APPICON_NAME = AppIcon;
				CODE_SIGN_ENTITLEMENTS = macOS/TrackifyMac.entitlements;
				COMBINE_HIDPI_IMAGES = YES;
				ENABLE_HARDENED_RUNTIME = YES;
				INFOPLIST_FILE = macOS/Info.plist;
				LD_RUNPATH_SEARCH_PATHS = (
					"$(inherited)",
					"@executable_path/../Frameworks",
				);
				PRODUCT_BUNDLE_IDENTIFIER = "$(TRACKIFY_BUNDLE_ID).mac";
				PRODUCT_NAME = Trackify;
				SDKROOT = macosx;
				TEAM_ID_PREFIX = "";
			};
			name = Debug;
		};
		C3292025BCF06A0B557BAFEC /* Debug */ = {
			isa = XCBuildConfiguration;
			baseConfigurationReference = AB50E50F1F8262561BE4A2DB /* Base.xcconfig */;
			buildSettings = {
				ALWAYS_SEARCH_USER_PATHS = NO;
				CLANG_ANALYZER_NONNULL = YES;
				CLANG_ANALYZER_NUMBER_OBJECT_CONVERSION = YES_AGGRESSIVE;
				CLANG_CXX_LANGUAGE_STANDARD = "gnu++14";
				CLANG_CXX_LIBRARY = "libc++";
				CLANG_ENABLE_MODULES = YES;
				CLANG_ENABLE_OBJC_ARC = YES;
				CLANG_ENABLE_OBJC_WEAK = YES;
				CLANG_WARN_BLOCK_CAPTURE_AUTORELEASING = YES;
				CLANG_WARN_BOOL_CONVERSION = YES;
				CLANG_WARN_COMMA = YES;
				CLANG_WARN_CONSTANT_CONVERSION = YES;
				CLANG_WARN_DEPRECATED_OBJC_IMPLEMENTATIONS = YES;
				CLANG_WARN_DIRECT_OBJC_ISA_USAGE = YES_ERROR;
				CLANG_WARN_DOCUMENTATION_COMMENTS = YES;
				CLANG_WARN_EMPTY_BODY = YES;
				CLANG_WARN_ENUM_CONVERSION = YES;
				CLANG_WARN_INFINITE_RECURSION = YES;
				CLANG_WARN_INT_CONVERSION = YES;
				CLANG_WARN_NON_LITERAL_NULL_CONVERSION = YES;
				CLANG_WARN_OBJC_IMPLICIT_RETAIN_SELF = YES;
				CLANG_WARN_OBJC_LITERAL_CONVERSION = YES;
				CLANG_WARN_OBJC_ROOT_CLASS = YES_ERROR;
				CLANG_WARN_QUOTED_INCLUDE_IN_FRAMEWORK_HEADER = YES;
				CLANG_WARN_RANGE_LOOP_ANALYSIS = YES;
				CLANG_WARN_STRICT_PROTOTYPES = YES;
				CLANG_WARN_SUSPICIOUS_MOVE = YES;
				CLANG_WARN_UNGUARDED_AVAILABILITY = YES_AGGRESSIVE;
				CLANG_WARN_UNREACHABLE_CODE = YES;
				CLANG_WARN__DUPLICATE_METHOD_MATCH = YES;
				COPY_PHASE_STRIP = NO;
				DEAD_CODE_STRIPPING = YES;
				DEBUG_INFORMATION_FORMAT = dwarf;
				ENABLE_PREVIEWS = YES;
				ENABLE_STRICT_OBJC_MSGSEND = YES;
				ENABLE_TESTABILITY = YES;
				GCC_C_LANGUAGE_STANDARD = gnu11;
				GCC_DYNAMIC_NO_PIC = NO;
				GCC_NO_COMMON_BLOCKS = YES;
				GCC_OPTIMIZATION_LEVEL = 0;
				GCC_PREPROCESSOR_DEFINITIONS = (
					"$(inherited)",
					"DEBUG=1",
				);
				GCC_WARN_64_TO_32_BIT_CONVERSION = YES;
				GCC_WARN_ABOUT_RETURN_TYPE = YES_ERROR;
				GCC_WARN_UNDECLARED_SELECTOR = YES;
				GCC_WARN_UNINITIALIZED_AUTOS = YES_AGGRESSIVE;
				GCC_WARN_UNUSED_FUNCTION = YES;
				GCC_WARN_UNUSED_VARIABLE = YES;
				GENERATE_INFOPLIST_FILE = YES;
				IPHONEOS_DEPLOYMENT_TARGET = 17.0;
				MACOSX_DEPLOYMENT_TARGET = 14.0;
				MTL_ENABLE_DEBUG_INFO = INCLUDE_SOURCE;
				MTL_FAST_MATH = YES;
				ONLY_ACTIVE_ARCH = YES;
				PRODUCT_NAME = "$(TARGET_NAME)";
				SWIFT_ACTIVE_COMPILATION_CONDITIONS = DEBUG;
				SWIFT_OPTIMIZATION_LEVEL = "-Onone";
				SWIFT_VERSION = 5.0;
			};
			name = Debug;
		};
		C7092E9F4A0115520947B414 /* Release */ = {
			isa = XCBuildConfiguration;
			baseConfigurationReference = AB50E50F1F8262561BE4A2DB /* Base.xcconfig */;
			buildSettings = {
				ALWAYS_SEARCH_USER_PATHS = NO;
				CLANG_ANALYZER_NONNULL = YES;
				CLANG_ANALYZER_NUMBER_OBJECT_CONVERSION = YES_AGGRESSIVE;
				CLANG_CXX_LANGUAGE_STANDARD = "gnu++14";
				CLANG_CXX_LIBRARY = "libc++";
				CLANG_ENABLE_MODULES = YES;
				CLANG_ENABLE_OBJC_ARC = YES;
				CLANG_ENABLE_OBJC_WEAK = YES;
				CLANG_WARN_BLOCK_CAPTURE_AUTORELEASING = YES;
				CLANG_WARN_BOOL_CONVERSION = YES;
				CLANG_WARN_COMMA = YES;
				CLANG_WARN_CONSTANT_CONVERSION = YES;
				CLANG_WARN_DEPRECATED_OBJC_IMPLEMENTATIONS = YES;
				CLANG_WARN_DIRECT_OBJC_ISA_USAGE = YES_ERROR;
				CLANG_WARN_DOCUMENTATION_COMMENTS = YES;
				CLANG_WARN_EMPTY_BODY = YES;
				CLANG_WARN_ENUM_CONVERSION = YES;
				CLANG_WARN_INFINITE_RECURSION = YES;
				CLANG_WARN_INT_CONVERSION = YES;
				CLANG_WARN_NON_LITERAL_NULL_CONVERSION = YES;
				CLANG_WARN_OBJC_IMPLICIT_RETAIN_SELF = YES;
				CLANG_WARN_OBJC_LITERAL_CONVERSION = YES;
				CLANG_WARN_OBJC_ROOT_CLASS = YES_ERROR;
				CLANG_WARN_QUOTED_INCLUDE_IN_FRAMEWORK_HEADER = YES;
				CLANG_WARN_RANGE_LOOP_ANALYSIS = YES;
				CLANG_WARN_STRICT_PROTOTYPES = YES;
				CLANG_WARN_SUSPICIOUS_MOVE = YES;
				CLANG_WARN_UNGUARDED_AVAILABILITY = YES_AGGRESSIVE;
				CLANG_WARN_UNREACHABLE_CODE = YES;
				CLANG_WARN__DUPLICATE_METHOD_MATCH = YES;
				COPY_PHASE_STRIP = NO;
				DEAD_CODE_STRIPPING = YES;
				DEBUG_INFORMATION_FORMAT = "dwarf-with-dsym";
				ENABLE_NS_ASSERTIONS = NO;
				ENABLE_PREVIEWS = YES;
				ENABLE_STRICT_OBJC_MSGSEND = YES;
				GCC_C_LANGUAGE_STANDARD = gnu11;
				GCC_NO_COMMON_BLOCKS = YES;
				GCC_WARN_64_TO_32_BIT_CONVERSION = YES;
				GCC_WARN_ABOUT_RETURN_TYPE = YES_ERROR;
				GCC_WARN_UNDECLARED_SELECTOR = YES;
				GCC_WARN_UNINITIALIZED_AUTOS = YES_AGGRESSIVE;
				GCC_WARN_UNUSED_FUNCTION = YES;
				GCC_WARN_UNUSED_VARIABLE = YES;
				GENERATE_INFOPLIST_FILE = YES;
				IPHONEOS_DEPLOYMENT_TARGET = 17.0;
				MACOSX_DEPLOYMENT_TARGET = 14.0;
				MTL_ENABLE_DEBUG_INFO = NO;
				MTL_FAST_MATH = YES;
				PRODUCT_NAME = "$(TARGET_NAME)";
				SWIFT_COMPILATION_MODE = wholemodule;
				SWIFT_OPTIMIZATION_LEVEL = "-O";
				SWIFT_VERSION = 5.0;
			};
			name = Release;
		};
		CE41E85BD7A9861E3849A97E /* Debug */ = {
			isa = XCBuildConfiguration;
			buildSettings = {
				APPLICATION_EXTENSION_API_ONLY = YES;
				CODE_SIGN_ENTITLEMENTS = Widgets/TrackifyMacWidgets.entitlements;
				COMBINE_HIDPI_IMAGES = YES;
				ENABLE_HARDENED_RUNTIME = YES;
				INFOPLIST_FILE = "Widgets/Info-macOS.plist";
				LD_RUNPATH_SEARCH_PATHS = (
					"$(inherited)",
					"@executable_path/../Frameworks",
					"@executable_path/../../../../Frameworks",
				);
				PRODUCT_BUNDLE_IDENTIFIER = "$(TRACKIFY_BUNDLE_ID).mac.widgets";
				PRODUCT_NAME = TrackifyMacWidgets;
				SDKROOT = macosx;
				SKIP_INSTALL = YES;
				TEAM_ID_PREFIX = "";
			};
			name = Debug;
		};
		F2FE19326EF0D401B48CF113 /* Debug */ = {
			isa = XCBuildConfiguration;
			buildSettings = {
				APPLICATION_EXTENSION_API_ONLY = YES;
				CODE_SIGN_ENTITLEMENTS = Widgets/TrackifyWidgets.entitlements;
				INFOPLIST_FILE = "Widgets/Info-iOS.plist";
				LD_RUNPATH_SEARCH_PATHS = (
					"$(inherited)",
					"@executable_path/Frameworks",
					"@executable_path/../../Frameworks",
				);
				PRODUCT_BUNDLE_IDENTIFIER = "$(TRACKIFY_BUNDLE_ID).widgets";
				PRODUCT_NAME = TrackifyWidgets;
				SDKROOT = iphoneos;
				SKIP_INSTALL = YES;
				TARGETED_DEVICE_FAMILY = "1,2";
			};
			name = Debug;
		};
/* End XCBuildConfiguration section */

/* Begin XCConfigurationList section */
		062AA779899E7BAEBA8539A8 /* Build configuration list for PBXNativeTarget "TrackifyMac" */ = {
			isa = XCConfigurationList;
			buildConfigurations = (
				94515C0771B7CEAE6C06F1DA /* Debug */,
				6F3260A9A81DCA634CD97FC1 /* Release */,
			);
			defaultConfigurationIsVisible = 0;
			defaultConfigurationName = Debug;
		};
		27AAE449A27FEC7B05C58881 /* Build configuration list for PBXNativeTarget "TrackifyUITests" */ = {
			isa = XCConfigurationList;
			buildConfigurations = (
				56548AA90F5B1B7D2E7A0C0A /* Debug */,
				7FD06B341F39C7A0A9E6D55E /* Release */,
			);
			defaultConfigurationIsVisible = 0;
			defaultConfigurationName = Debug;
		};
		39AA5516708DE70E41468D01 /* Build configuration list for PBXNativeTarget "Trackify" */ = {
			isa = XCConfigurationList;
			buildConfigurations = (
				11D8BBAF7A1921E01865E106 /* Debug */,
				3F7DD8D803C8A14FC94EDC58 /* Release */,
			);
			defaultConfigurationIsVisible = 0;
			defaultConfigurationName = Debug;
		};
		58FC1576B744CC202326153F /* Build configuration list for PBXNativeTarget "TrackifyMacWidgets" */ = {
			isa = XCConfigurationList;
			buildConfigurations = (
				CE41E85BD7A9861E3849A97E /* Debug */,
				6780978E000EF67BF128399C /* Release */,
			);
			defaultConfigurationIsVisible = 0;
			defaultConfigurationName = Debug;
		};
		6725204BEA9720F95058794A /* Build configuration list for PBXProject "Trackify" */ = {
			isa = XCConfigurationList;
			buildConfigurations = (
				C3292025BCF06A0B557BAFEC /* Debug */,
				C7092E9F4A0115520947B414 /* Release */,
			);
			defaultConfigurationIsVisible = 0;
			defaultConfigurationName = Debug;
		};
		AA365239F01CC2F382C69A8E /* Build configuration list for PBXNativeTarget "TrackifyWidgets" */ = {
			isa = XCConfigurationList;
			buildConfigurations = (
				F2FE19326EF0D401B48CF113 /* Debug */,
				42E5B4792F74CF60BB3D8899 /* Release */,
			);
			defaultConfigurationIsVisible = 0;
			defaultConfigurationName = Debug;
		};
/* End XCConfigurationList section */

/* Begin XCLocalSwiftPackageReference section */
		6874DD3F96E38463087E8AD7 /* XCLocalSwiftPackageReference "Packages/TrackifyKit" */ = {
			isa = XCLocalSwiftPackageReference;
			relativePath = Packages/TrackifyKit;
		};
/* End XCLocalSwiftPackageReference section */

/* Begin XCSwiftPackageProductDependency section */
		1BFED707E86CF539894FB6DB /* TrackifyKit */ = {
			isa = XCSwiftPackageProductDependency;
			productName = TrackifyKit;
		};
		57278ECC6C09B3B7147B37AF /* TrackifyKit */ = {
			isa = XCSwiftPackageProductDependency;
			productName = TrackifyKit;
		};
		9A600FE6DE8D411E2048620A /* TrackifyKit */ = {
			isa = XCSwiftPackageProductDependency;
			productName = TrackifyKit;
		};
		C02DC519EDC51487402B23C7 /* TrackifyKit */ = {
			isa = XCSwiftPackageProductDependency;
			productName = TrackifyKit;
		};
/* End XCSwiftPackageProductDependency section */
	};
	rootObject = D219069D5CA7B1C9D8EB19C8 /* Project object */;
}
